
Microsoft Visual Studio Solution File, Format Version 12.00
# Visual Studio Version 16
VisualStudioVersion = 16.0.31005.135
MinimumVisualStudioVersion = 10.0.40219.1
Project("{9A19103F-16F7-4668-BE54-9A1E7A4F7556}") = "RobotCleaner.Shell", "RobotCleaner.Shell\RobotCleaner.Shell.csproj", "{AE1CF5FF-4F0C-472C-8507-EBB9A5C76A39}"
EndProject
Project("{9A19103F-16F7-4668-BE54-9A1E7A4F7556}") = "RobotCleaner.Robot", "RobotCleaner.Robot\RobotCleaner.Robot.csproj", "{83192D21-58DE-4320-B087-7ACCED3AD896}"
EndProject
Project("{FAE04EC0-301F-11D3-BF4B-00C04F79EFBC}") = "RobotCleaner.Robot.Tests", "RobotCleaner.Robot.Tests\RobotCleaner.Robot.Tests.csproj", "{77DA3894-06ED-4BC0-9A54-3EB033291216}"
EndProject
Global
	GlobalSection(SolutionConfigurationPlatforms) = preSolution
		Debug|Any CPU = Debug|Any CPU
		Release|Any CPU = Release|Any CPU
	EndGlobalSection
	GlobalSection(ProjectConfigurationPlatforms) = postSolution
		{AE1CF5FF-4F0C-472C-8507-EBB9A5C76A39}.Debug|Any CPU.ActiveCfg = Debug|Any CPU
		{AE1CF5FF-4F0C-472C-8507-EBB9A5C76A39}.Debug|Any CPU.Build.0 = Debug|Any CPU
		{AE1CF5FF-4F0C-472C-8507-EBB9A5C76A39}.Release|Any CPU.ActiveCfg = Release|Any CPU
		{AE1CF5FF-4F0C-472C-8507-EBB9A5C76A39}.Release|Any CPU.Build.0 = Release|Any CPU
		{83192D21-58DE-4320-B087-7ACCED3AD896}.Debug|Any CPU.ActiveCfg = Debug|Any CPU
		{83192D21-58DE-4320-B087-7ACCED3AD896}.Debug|Any CPU.Build.0 = Debug|Any CPU
		{83192D21-58DE-4320-B087-7ACCED3AD896}.Release|Any CPU.ActiveCfg = Release|Any CPU
		{83192D21-58DE-4320-B087-7ACCED3AD896}.Release|Any CPU.Build.0 = Release|Any CPU
		{77DA3894-06ED-4BC0-9A54-3EB033291216}.Debug|Any CPU.ActiveCfg = Debug|Any CPU
		{77DA3894-06ED-4BC0-9A54-3EB033291216}.Debug|Any CPU.Build.0 = Debug|Any CPU
		{77DA3894-06ED-4BC0-9A54-3EB033291216}.Release|Any CPU.ActiveCfg = Release|Any CPU
		{77DA3894-06ED-4BC0-9A54-3EB033291216}.Release|Any CPU.Build.0 = Release|Any CPU
	EndGlobalSection
	GlobalSection(SolutionProperties) = preSolution
		HideSolutionNode = FALSE
	EndGlobalSection
	GlobalSection(ExtensibilityGlobals) = postSolution
		SolutionGuid = {4D30AAB8-9EA6-4E1D-BF65-BEA20D351AD5}
	EndGlobalSection
EndGlobal
